
Microsoft Visual Studio Solution File, Format Version 12.00
# Visual Studio Version 16
VisualStudioVersion = 16.0.31129.286
MinimumVisualStudioVersion = 10.0.40219.1
Project("{FAE04EC0-301F-11D3-BF4B-00C04F79EFBC}") = "NunitTestProject", "NunitTestProject\NunitTestProject.csproj", "{5C334B27-6F3B-491A-AF51-32387E045AD5}"
EndProject
Global
	GlobalSection(SolutionConfigurationPlatforms) = preSolution
		Debug|Any CPU = Debug|Any CPU
		Release|Any CPU = Release|Any CPU
	EndGlobalSection
	GlobalSection(ProjectConfigurationPlatforms) = postSolution
		{5C334B27-6F3B-491A-AF51-32387E045AD5}.Debug|Any CPU.ActiveCfg = Debug|Any CPU
		{5C334B27-6F3B-491A-AF51-32387E045AD5}.Debug|Any CPU.Build.0 = Debug|Any CPU
		{5C334B27-6F3B-491A-AF51-32387E045AD5}.Release|Any CPU.ActiveCfg = Release|Any CPU
		{5C334B27-6F3B-491A-AF51-32387E045AD5}.Release|Any CPU.Build.0 = Release|Any CPU
	EndGlobalSection
	GlobalSection(SolutionProperties) = preSolution
		HideSolutionNode = FALSE
	EndGlobalSection
	GlobalSection(ExtensibilityGlobals) = postSolution
		SolutionGuid = {7B768797-29C5-4D0F-BC46-84C4785E3912}
	EndGlobalSection
EndGlobal
